
Microsoft Visual Studio Solution File, Format Version 12.00
# Visual Studio Version 16
VisualStudioVersion = 16.0.30517.126
MinimumVisualStudioVersion = 10.0.40219.1
Project("{FAE04EC0-301F-11D3-BF4B-00C04F79EFBC}") = "Server_Abdul Eriawan Nahar_20180140118", "Server_Abdul Eriawan Nahar_20180140118\Server_Abdul Eriawan Nahar_20180140118.csproj", "{34F279B9-C8E2-4C74-A77D-E5F8E48072D2}"
EndProject
Project("{FAE04EC0-301F-11D3-BF4B-00C04F79EFBC}") = "Client_Abdul Eriawan Nahar_20180140118", "..\Client_Abdul Eriawan Nahar_20180140118\Client_Abdul Eriawan Nahar_20180140118.csproj", "{1AF1DD22-E55A-46E6-9712-06A7C1435E9B}"
EndProject
Global
	GlobalSection(SolutionConfigurationPlatforms) = preSolution
		Debug|Any CPU = Debug|Any CPU
		Release|Any CPU = Release|Any CPU
	EndGlobalSection
	GlobalSection(ProjectConfigurationPlatforms) = postSolution
		{34F279B9-C8E2-4C74-A77D-E5F8E48072D2}.Debug|Any CPU.ActiveCfg = Debug|Any CPU
		{34F279B9-C8E2-4C74-A77D-E5F8E48072D2}.Debug|Any CPU.Build.0 = Debug|Any CPU
		{34F279B9-C8E2-4C74-A77D-E5F8E48072D2}.Release|Any CPU.ActiveCfg = Release|Any CPU
		{34F279B9-C8E2-4C74-A77D-E5F8E48072D2}.Release|Any CPU.Build.0 = Release|Any CPU
		{1AF1DD22-E55A-46E6-9712-06A7C1435E9B}.Debug|Any CPU.ActiveCfg = Debug|Any CPU
		{1AF1DD22-E55A-46E6-9712-06A7C1435E9B}.Debug|Any CPU.Build.0 = Debug|Any CPU
		{1AF1DD22-E55A-46E6-9712-06A7C1435E9B}.Release|Any CPU.ActiveCfg = Release|Any CPU
		{1AF1DD22-E55A-46E6-9712-06A7C1435E9B}.Release|Any CPU.Build.0 = Release|Any CPU
	EndGlobalSection
	GlobalSection(SolutionProperties) = preSolution
		HideSolutionNode = FALSE
	EndGlobalSection
	GlobalSection(ExtensibilityGlobals) = postSolution
		SolutionGuid = {049AD8ED-50F2-49D1-88CF-EA8F9130F7C9}
	EndGlobalSection
EndGlobal
